
Microsoft Visual Studio Solution File, Format Version 12.00
# Visual Studio Version 16
VisualStudioVersion = 16.0.30011.22
MinimumVisualStudioVersion = 10.0.40219.1
Project("{FAE04EC0-301F-11D3-BF4B-00C04F79EFBC}") = "EjerciciosHtml.WebSite", "EjerciciosHtml.WebSite\EjerciciosHtml.WebSite.csproj", "{942F9C18-3A0B-4C73-93FE-82EF7AE0CC8B}"
EndProject
Global
	GlobalSection(SolutionConfigurationPlatforms) = preSolution
		Debug|Any CPU = Debug|Any CPU
		Release|Any CPU = Release|Any CPU
	EndGlobalSection
	GlobalSection(ProjectConfigurationPlatforms) = postSolution
		{942F9C18-3A0B-4C73-93FE-82EF7AE0CC8B}.Debug|Any CPU.ActiveCfg = Debug|Any CPU
		{942F9C18-3A0B-4C73-93FE-82EF7AE0CC8B}.Debug|Any CPU.Build.0 = Debug|Any CPU
		{942F9C18-3A0B-4C73-93FE-82EF7AE0CC8B}.Release|Any CPU.ActiveCfg = Release|Any CPU
		{942F9C18-3A0B-4C73-93FE-82EF7AE0CC8B}.Release|Any CPU.Build.0 = Release|Any CPU
	EndGlobalSection
	GlobalSection(SolutionProperties) = preSolution
		HideSolutionNode = FALSE
	EndGlobalSection
	GlobalSection(ExtensibilityGlobals) = postSolution
		SolutionGuid = {F1F699FC-7ED4-4469-8134-240AC282C60C}
	EndGlobalSection
EndGlobal
